
Microsoft Visual Studio Solution File, Format Version 12.00
# Visual Studio Version 18
VisualStudioVersion = 18.3.11505.172
MinimumVisualStudioVersion = 10.0.40219.1
Project("{FAE04EC0-301F-11D3-BF4B-00C04F79EFBC}") = "Day 01", "Day 01\Day 01.csproj", "{CB3A58BF-3F22-42A1-AB5A-BCB059F9A816}"
EndProject
Project("{FAE04EC0-301F-11D3-BF4B-00C04F79EFBC}") = "Day 02", "Day 02\Day 02.csproj", "{3B1CD4E7-1C78-40A3-96B7-615BA449A2BD}"
EndProject
Project("{FAE04EC0-301F-11D3-BF4B-00C04F79EFBC}") = "Day 03", "Day 03\Day 03.csproj", "{26EC4444-8863-4FFD-BF44-B3BF46AF5672}"
EndProject
Project("{FAE04EC0-301F-11D3-BF4B-00C04F79EFBC}") = "Day 04", "Day 04\Day 04.csproj", "{6C710A3B-F621-47A4-8527-124F71044FE1}"
EndProject
Project("{FAE04EC0-301F-11D3-BF4B-00C04F79EFBC}") = "Day 05", "Day 05\Day 05.csproj", "{173A801F-FF25-4BB0-9219-9F616D0FE4E8}"
EndProject
Project("{FAE04EC0-301F-11D3-BF4B-00C04F79EFBC}") = "Day 06", "Day 06\Day 06.csproj", "{5FF0F26E-23FD-4855-BD11-7E78106584A9}"
EndProject
Project("{FAE04EC0-301F-11D3-BF4B-00C04F79EFBC}") = "Day 07", "Day 07\Day 07.csproj", "{2E4B63C9-9DB3-439D-8996-13DA28F5BA46}"
EndProject
Project("{FAE04EC0-301F-11D3-BF4B-00C04F79EFBC}") = "Day 08", "Day 08\Day 08.csproj", "{E54A0954-AA8B-48D9-852A-6283B7DCFB3D}"
EndProject
Project("{FAE04EC0-301F-11D3-BF4B-00C04F79EFBC}") = "Day 09", "Day 09\Day 09.csproj", "{E023819D-3900-44CE-9CAD-ADA94BDBE975}"
EndProject
Project("{FAE04EC0-301F-11D3-BF4B-00C04F79EFBC}") = "Day 10", "Day 10\Day 10.csproj", "{20A82136-194C-4654-8D8F-25946E9BE25B}"
EndProject
Project("{FAE04EC0-301F-11D3-BF4B-00C04F79EFBC}") = "Day 11", "Day 11\Day 11.csproj", "{0E2F2026-3D85-424D-B551-64F3DB366D0E}"
EndProject
Project("{FAE04EC0-301F-11D3-BF4B-00C04F79EFBC}") = "Day 12", "Day 12\Day 12.csproj", "{DB0A832B-6772-4763-9A71-1A65D0B7BF6D}"
EndProject
Project("{FAE04EC0-301F-11D3-BF4B-00C04F79EFBC}") = "Day 13", "Day 13\Day 13.csproj", "{866A4795-ED8C-40FD-A476-0CE912C71CD1}"
EndProject
Project("{FAE04EC0-301F-11D3-BF4B-00C04F79EFBC}") = "Day 14", "Day 14\Day 14.csproj", "{F8C81F08-9B00-4564-9D21-4C4AF0956854}"
EndProject
Project("{FAE04EC0-301F-11D3-BF4B-00C04F79EFBC}") = "Day 15", "Day 15\Day 15.csproj", "{CCF5A828-582F-4320-9AE0-A5D632F5D937}"
EndProject
Project("{FAE04EC0-301F-11D3-BF4B-00C04F79EFBC}") = "Day 16", "Day 16\Day 16.csproj", "{EB67AE21-2877-41EE-B045-8B68176CB0A6}"
EndProject
Project("{FAE04EC0-301F-11D3-BF4B-00C04F79EFBC}") = "Day 17", "Day 17\Day 17.csproj", "{55D1EB6B-4DC1-4589-B6EF-09AEECE649DF}"
EndProject
Project("{FAE04EC0-301F-11D3-BF4B-00C04F79EFBC}") = "Day 18", "Day 18\Day 18.csproj", "{24725956-067D-479F-9444-2C15133F137F}"
EndProject
Project("{FAE04EC0-301F-11D3-BF4B-00C04F79EFBC}") = "Day 19", "Day 19\Day 19.csproj", "{5B558081-C733-4B9F-8D85-72A7ED4A04EF}"
EndProject
Project("{FAE04EC0-301F-11D3-BF4B-00C04F79EFBC}") = "Day 20", "Day 20\Day 20.csproj", "{DF0562FB-C3B3-4CC1-80B4-DECA36310600}"
EndProject
Project("{FAE04EC0-301F-11D3-BF4B-00C04F79EFBC}") = "Day 22", "Day 22\Day 22.csproj", "{F85F91EF-D12A-4591-ADF6-A30301FD91FD}"
EndProject
Project("{FAE04EC0-301F-11D3-BF4B-00C04F79EFBC}") = "Day 23", "Day 23\Day 23.csproj", "{BC31663A-EB67-4B4B-9B19-228FB603F2C5}"
EndProject
Project("{FAE04EC0-301F-11D3-BF4B-00C04F79EFBC}") = "Day 24", "Day 24\Day 24.csproj", "{0F18A85E-C924-4108-949F-2C74EBA55866}"
EndProject
Project("{FAE04EC0-301F-11D3-BF4B-00C04F79EFBC}") = "Day 25", "Day 25\Day 25.csproj", "{D538B30A-EEC4-4CB6-9868-209EC4747DDA}"
EndProject
Project("{FAE04EC0-301F-11D3-BF4B-00C04F79EFBC}") = "Day 28", "Day 28\Day 28.csproj", "{CDA9883C-2A9A-43F9-9E01-9A0C4E004D89}"
EndProject
Project("{FAE04EC0-301F-11D3-BF4B-00C04F79EFBC}") = "Day 29", "Day 29\Day 29.csproj", "{FF2CC37F-A3AB-4CF1-9DBD-561D67382352}"
EndProject
Project("{FAE04EC0-301F-11D3-BF4B-00C04F79EFBC}") = "Day 31", "Day 31\Day 31.csproj", "{450DFB38-2049-48A9-B36E-61266C69CCF9}"
EndProject
Project("{FAE04EC0-301F-11D3-BF4B-00C04F79EFBC}") = "Day 32", "Day 32\Day 32.csproj", "{2D95D8F4-3536-4040-88D1-2C9208823D9E}"
EndProject
Project("{FAE04EC0-301F-11D3-BF4B-00C04F79EFBC}") = "Day 33", "Day 33\Day 33.csproj", "{9EBECDA9-193F-4305-97D5-365AC7A9A0A0}"
EndProject
Project("{FAE04EC0-301F-11D3-BF4B-00C04F79EFBC}") = "Day 34", "Day 34\Day 34.csproj", "{08FC5122-8BC5-41A9-8899-C054B32A1248}"
EndProject
Project("{FAE04EC0-301F-11D3-BF4B-00C04F79EFBC}") = "Day 35", "Day 35\Day 35.csproj", "{E8AD4253-4056-4C7E-9F40-ECCB7B13FBF1}"
EndProject
Project("{FAE04EC0-301F-11D3-BF4B-00C04F79EFBC}") = "Day 38", "Day 38\Day 38.csproj", "{47C8EF5C-A4BC-4A7F-A886-0C0C6190892B}"
EndProject
Project("{FAE04EC0-301F-11D3-BF4B-00C04F79EFBC}") = "Day 39", "Day 39\Day 39.csproj", "{B7A491A6-1EAE-46F0-B46D-EECB7B081AF8}"
EndProject
Project("{FAE04EC0-301F-11D3-BF4B-00C04F79EFBC}") = "Day 41", "Day 41\Day 41.csproj", "{77076AE3-7465-4802-9F0D-94B5C814DA94}"
EndProject
Project("{FAE04EC0-301F-11D3-BF4B-00C04F79EFBC}") = "Day 42", "Day 42\Day 42.csproj", "{35E72D45-9218-4DC2-BD78-E3122F65C2A7}"
EndProject
Project("{FAE04EC0-301F-11D3-BF4B-00C04F79EFBC}") = "Day 43", "Day 43\Day 43.csproj", "{1C599144-8B39-4214-B2CD-44BABD6EEB9B}"
EndProject
Project("{FAE04EC0-301F-11D3-BF4B-00C04F79EFBC}") = "Day 44", "Day 44\Day 44.csproj", "{F0D8D600-5010-4B2E-0800-7E9E1DCF7ACD}"
EndProject
Project("{FAE04EC0-301F-11D3-BF4B-00C04F79EFBC}") = "Day 45", "Day 45\Day 45.csproj", "{809FDB8D-C53E-B471-9602-73A04F6609D3}"
EndProject
Project("{FAE04EC0-301F-11D3-BF4B-00C04F79EFBC}") = "Day 46", "Day 46\Day 46.csproj", "{E4782F56-785C-2167-C445-6D9841AACA47}"
EndProject
Global
	GlobalSection(SolutionConfigurationPlatforms) = preSolution
		Debug|Any CPU = Debug|Any CPU
		Debug|x64 = Debug|x64
		Debug|x86 = Debug|x86
		Release|Any CPU = Release|Any CPU
		Release|x64 = Release|x64
		Release|x86 = Release|x86
	EndGlobalSection
	GlobalSection(ProjectConfigurationPlatforms) = postSolution
		{CB3A58BF-3F22-42A1-AB5A-BCB059F9A816}.Debug|Any CPU.ActiveCfg = Debug|Any CPU
		{CB3A58BF-3F22-42A1-AB5A-BCB059F9A816}.Debug|Any CPU.Build.0 = Debug|Any CPU
		{CB3A58BF-3F22-42A1-AB5A-BCB059F9A816}.Debug|x64.ActiveCfg = Debug|Any CPU
		{CB3A58BF-3F22-42A1-AB5A-BCB059F9A816}.Debug|x64.Build.0 = Debug|Any CPU
		{CB3A58BF-3F22-42A1-AB5A-BCB059F9A816}.Debug|x86.ActiveCfg = Debug|Any CPU
		{CB3A58BF-3F22-42A1-AB5A-BCB059F9A816}.Debug|x86.Build.0 = Debug|Any CPU
		{CB3A58BF-3F22-42A1-AB5A-BCB059F9A816}.Release|Any CPU.ActiveCfg = Release|Any CPU
		{CB3A58BF-3F22-42A1-AB5A-BCB059F9A816}.Release|Any CPU.Build.0 = Release|Any CPU
		{CB3A58BF-3F22-42A1-AB5A-BCB059F9A816}.Release|x64.ActiveCfg = Release|Any CPU
		{CB3A58BF-3F22-42A1-AB5A-BCB059F9A816}.Release|x64.Build.0 = Release|Any CPU
		{CB3A58BF-3F22-42A1-AB5A-BCB059F9A816}.Release|x86.ActiveCfg = Release|Any CPU
		{CB3A58BF-3F22-42A1-AB5A-BCB059F9A816}.Release|x86.Build.0 = Release|Any CPU
		{3B1CD4E7-1C78-40A3-96B7-615BA449A2BD}.Debug|Any CPU.ActiveCfg = Debug|Any CPU
		{3B1CD4E7-1C78-40A3-96B7-615BA449A2BD}.Debug|Any CPU.Build.0 = Debug|Any CPU
		{3B1CD4E7-1C78-40A3-96B7-615BA449A2BD}.Debug|x64.ActiveCfg = Debug|Any CPU
		{3B1CD4E7-1C78-40A3-96B7-615BA449A2BD}.Debug|x64.Build.0 = Debug|Any CPU
		{3B1CD4E7-1C78-40A3-96B7-615BA449A2BD}.Debug|x86.ActiveCfg = Debug|Any CPU
		{3B1CD4E7-1C78-40A3-96B7-615BA449A2BD}.Debug|x86.Build.0 = Debug|Any CPU
		{3B1CD4E7-1C78-40A3-96B7-615BA449A2BD}.Release|Any CPU.ActiveCfg = Release|Any CPU
		{3B1CD4E7-1C78-40A3-96B7-615BA449A2BD}.Release|Any CPU.Build.0 = Release|Any CPU
		{3B1CD4E7-1C78-40A3-96B7-615BA449A2BD}.Release|x64.ActiveCfg = Release|Any CPU
		{3B1CD4E7-1C78-40A3-96B7-615BA449A2BD}.Release|x64.Build.0 = Release|Any CPU
		{3B1CD4E7-1C78-40A3-96B7-615BA449A2BD}.Release|x86.ActiveCfg = Release|Any CPU
		{3B1CD4E7-1C78-40A3-96B7-615BA449A2BD}.Release|x86.Build.0 = Release|Any CPU
		{26EC4444-8863-4FFD-BF44-B3BF46AF5672}.Debug|Any CPU.ActiveCfg = Debug|Any CPU
		{26EC4444-8863-4FFD-BF44-B3BF46AF5672}.Debug|Any CPU.Build.0 = Debug|Any CPU
		{26EC4444-8863-4FFD-BF44-B3BF46AF5672}.Debug|x64.ActiveCfg = Debug|Any CPU
		{26EC4444-8863-4FFD-BF44-B3BF46AF5672}.Debug|x64.Build.0 = Debug|Any CPU
		{26EC4444-8863-4FFD-BF44-B3BF46AF5672}.Debug|x86.ActiveCfg = Debug|Any CPU
		{26EC4444-8863-4FFD-BF44-B3BF46AF5672}.Debug|x86.Build.0 = Debug|Any CPU
		{26EC4444-8863-4FFD-BF44-B3BF46AF5672}.Release|Any CPU.ActiveCfg = Release|Any CPU
		{26EC4444-8863-4FFD-BF44-B3BF46AF5672}.Release|Any CPU.Build.0 = Release|Any CPU
		{26EC4444-8863-4FFD-BF44-B3BF46AF5672}.Release|x64.ActiveCfg = Release|Any CPU
		{26EC4444-8863-4FFD-BF44-B3BF46AF5672}.Release|x64.Build.0 = Release|Any CPU
		{26EC4444-8863-4FFD-BF44-B3BF46AF5672}.Release|x86.ActiveCfg = Release|Any CPU
		{26EC4444-8863-4FFD-BF44-B3BF46AF5672}.Release|x86.Build.0 = Release|Any CPU
		{6C710A3B-F621-47A4-8527-124F71044FE1}.Debug|Any CPU.ActiveCfg = Debug|Any CPU
		{6C710A3B-F621-47A4-8527-124F71044FE1}.Debug|Any CPU.Build.0 = Debug|Any CPU
		{6C710A3B-F621-47A4-8527-124F71044FE1}.Debug|x64.ActiveCfg = Debug|Any CPU
		{6C710A3B-F621-47A4-8527-124F71044FE1}.Debug|x64.Build.0 = Debug|Any CPU
		{6C710A3B-F621-47A4-8527-124F71044FE1}.Debug|x86.ActiveCfg = Debug|Any CPU
		{6C710A3B-F621-47A4-8527-124F71044FE1}.Debug|x86.Build.0 = Debug|Any CPU
		{6C710A3B-F621-47A4-8527-124F71044FE1}.Release|Any CPU.ActiveCfg = Release|Any CPU
		{6C710A3B-F621-47A4-8527-124F71044FE1}.Release|Any CPU.Build.0 = Release|Any CPU
		{6C710A3B-F621-47A4-8527-124F71044FE1}.Release|x64.ActiveCfg = Release|Any CPU
		{6C710A3B-F621-47A4-8527-124F71044FE1}.Release|x64.Build.0 = Release|Any CPU
		{6C710A3B-F621-47A4-8527-124F71044FE1}.Release|x86.ActiveCfg = Release|Any CPU
		{6C710A3B-F621-47A4-8527-124F71044FE1}.Release|x86.Build.0 = Release|Any CPU
		{173A801F-FF25-4BB0-9219-9F616D0FE4E8}.Debug|Any CPU.ActiveCfg = Debug|Any CPU
		{173A801F-FF25-4BB0-9219-9F616D0FE4E8}.Debug|Any CPU.Build.0 = Debug|Any CPU
		{173A801F-FF25-4BB0-9219-9F616D0FE4E8}.Debug|x64.ActiveCfg = Debug|Any CPU
		{173A801F-FF25-4BB0-9219-9F616D0FE4E8}.Debug|x64.Build.0 = Debug|Any CPU
		{173A801F-FF25-4BB0-9219-9F616D0FE4E8}.Debug|x86.ActiveCfg = Debug|Any CPU
		{173A801F-FF25-4BB0-9219-9F616D0FE4E8}.Debug|x86.Build.0 = Debug|Any CPU
		{173A801F-FF25-4BB0-9219-9F616D0FE4E8}.Release|Any CPU.ActiveCfg = Release|Any CPU
		{173A801F-FF25-4BB0-9219-9F616D0FE4E8}.Release|Any CPU.Build.0 = Release|Any CPU
		{173A801F-FF25-4BB0-9219-9F616D0FE4E8}.Release|x64.ActiveCfg = Release|Any CPU
		{173A801F-FF25-4BB0-9219-9F616D0FE4E8}.Release|x64.Build.0 = Release|Any CPU
		{173A801F-FF25-4BB0-9219-9F616D0FE4E8}.Release|x86.ActiveCfg = Release|Any CPU
		{173A801F-FF25-4BB0-9219-9F616D0FE4E8}.Release|x86.Build.0 = Release|Any CPU
		{5FF0F26E-23FD-4855-BD11-7E78106584A9}.Debug|Any CPU.ActiveCfg = Debug|Any CPU
		{5FF0F26E-23FD-4855-BD11-7E78106584A9}.Debug|Any CPU.Build.0 = Debug|Any CPU
		{5FF0F26E-23FD-4855-BD11-7E78106584A9}.Debug|x64.ActiveCfg = Debug|Any CPU
		{5FF0F26E-23FD-4855-BD11-7E78106584A9}.Debug|x64.Build.0 = Debug|Any CPU
		{5FF0F26E-23FD-4855-BD11-7E78106584A9}.Debug|x86.ActiveCfg = Debug|Any CPU
		{5FF0F26E-23FD-4855-BD11-7E78106584A9}.Debug|x86.Build.0 = Debug|Any CPU
		{5FF0F26E-23FD-4855-BD11-7E78106584A9}.Release|Any CPU.ActiveCfg = Release|Any CPU
		{5FF0F26E-23FD-4855-BD11-7E78106584A9}.Release|Any CPU.Build.0 = Release|Any CPU
		{5FF0F26E-23FD-4855-BD11-7E78106584A9}.Release|x64.ActiveCfg = Release|Any CPU
		{5FF0F26E-23FD-4855-BD11-7E78106584A9}.Release|x64.Build.0 = Release|Any CPU
		{5FF0F26E-23FD-4855-BD11-7E78106584A9}.Release|x86.ActiveCfg = Release|Any CPU
		{5FF0F26E-23FD-4855-BD11-7E78106584A9}.Release|x86.Build.0 = Release|Any CPU
		{2E4B63C9-9DB3-439D-8996-13DA28F5BA46}.Debug|Any CPU.ActiveCfg = Debug|Any CPU
		{2E4B63C9-9DB3-439D-8996-13DA28F5BA46}.Debug|Any CPU.Build.0 = Debug|Any CPU
		{2E4B63C9-9DB3-439D-8996-13DA28F5BA46}.Debug|x64.ActiveCfg = Debug|Any CPU
		{2E4B63C9-9DB3-439D-8996-13DA28F5BA46}.Debug|x64.Build.0 = Debug|Any CPU
		{2E4B63C9-9DB3-439D-8996-13DA28F5BA46}.Debug|x86.ActiveCfg = Debug|Any CPU
		{2E4B63C9-9DB3-439D-8996-13DA28F5BA46}.Debug|x86.Build.0 = Debug|Any CPU
		{2E4B63C9-9DB3-439D-8996-13DA28F5BA46}.Release|Any CPU.ActiveCfg = Release|Any CPU
		{2E4B63C9-9DB3-439D-8996-13DA28F5BA46}.Release|Any CPU.Build.0 = Release|Any CPU
		{2E4B63C9-9DB3-439D-8996-13DA28F5BA46}.Release|x64.ActiveCfg = Release|Any CPU
		{2E4B63C9-9DB3-439D-8996-13DA28F5BA46}.Release|x64.Build.0 = Release|Any CPU
		{2E4B63C9-9DB3-439D-8996-13DA28F5BA46}.Release|x86.ActiveCfg = Release|Any CPU
		{2E4B63C9-9DB3-439D-8996-13DA28F5BA46}.Release|x86.Build.0 = Release|Any CPU
		{E54A0954-AA8B-48D9-852A-6283B7DCFB3D}.Debug|Any CPU.ActiveCfg = Debug|Any CPU
		{E54A0954-AA8B-48D9-852A-6283B7DCFB3D}.Debug|Any CPU.Build.0 = Debug|Any CPU
		{E54A0954-AA8B-48D9-852A-6283B7DCFB3D}.Debug|x64.ActiveCfg = Debug|Any CPU
		{E54A0954-AA8B-48D9-852A-6283B7DCFB3D}.Debug|x64.Build.0 = Debug|Any CPU
		{E54A0954-AA8B-48D9-852A-6283B7DCFB3D}.Debug|x86.ActiveCfg = Debug|Any CPU
		{E54A0954-AA8B-48D9-852A-6283B7DCFB3D}.Debug|x86.Build.0 = Debug|Any CPU
		{E54A0954-AA8B-48D9-852A-6283B7DCFB3D}.Release|Any CPU.ActiveCfg = Release|Any CPU
		{E54A0954-AA8B-48D9-852A-6283B7DCFB3D}.Release|Any CPU.Build.0 = Release|Any CPU
		{E54A0954-AA8B-48D9-852A-6283B7DCFB3D}.Release|x64.ActiveCfg = Release|Any CPU
		{E54A0954-AA8B-48D9-852A-6283B7DCFB3D}.Release|x64.Build.0 = Release|Any CPU
		{E54A0954-AA8B-48D9-852A-6283B7DCFB3D}.Release|x86.ActiveCfg = Release|Any CPU
		{E54A0954-AA8B-48D9-852A-6283B7DCFB3D}.Release|x86.Build.0 = Release|Any CPU
		{E023819D-3900-44CE-9CAD-ADA94BDBE975}.Debug|Any CPU.ActiveCfg = Debug|Any CPU
		{E023819D-3900-44CE-9CAD-ADA94BDBE975}.Debug|Any CPU.Build.0 = Debug|Any CPU
		{E023819D-3900-44CE-9CAD-ADA94BDBE975}.Debug|x64.ActiveCfg = Debug|Any CPU
		{E023819D-3900-44CE-9CAD-ADA94BDBE975}.Debug|x64.Build.0 = Debug|Any CPU
		{E023819D-3900-44CE-9CAD-ADA94BDBE975}.Debug|x86.ActiveCfg = Debug|Any CPU
		{E023819D-3900-44CE-9CAD-ADA94BDBE975}.Debug|x86.Build.0 = Debug|Any CPU
		{E023819D-3900-44CE-9CAD-ADA94BDBE975}.Release|Any CPU.ActiveCfg = Release|Any CPU
		{E023819D-3900-44CE-9CAD-ADA94BDBE975}.Release|Any CPU.Build.0 = Release|Any CPU
		{E023819D-3900-44CE-9CAD-ADA94BDBE975}.Release|x64.ActiveCfg = Release|Any CPU
		{E023819D-3900-44CE-9CAD-ADA94BDBE975}.Release|x64.Build.0 = Release|Any CPU
		{E023819D-3900-44CE-9CAD-ADA94BDBE975}.Release|x86.ActiveCfg = Release|Any CPU
		{E023819D-3900-44CE-9CAD-ADA94BDBE975}.Release|x86.Build.0 = Release|Any CPU
		{20A82136-194C-4654-8D8F-25946E9BE25B}.Debug|Any CPU.ActiveCfg = Debug|Any CPU
		{20A82136-194C-4654-8D8F-25946E9BE25B}.Debug|Any CPU.Build.0 = Debug|Any CPU
		{20A82136-194C-4654-8D8F-25946E9BE25B}.Debug|x64.ActiveCfg = Debug|Any CPU
		{20A82136-194C-4654-8D8F-25946E9BE25B}.Debug|x64.Build.0 = Debug|Any CPU
		{20A82136-194C-4654-8D8F-25946E9BE25B}.Debug|x86.ActiveCfg = Debug|Any CPU
		{20A82136-194C-4654-8D8F-25946E9BE25B}.Debug|x86.Build.0 = Debug|Any CPU
		{20A82136-194C-4654-8D8F-25946E9BE25B}.Release|Any CPU.ActiveCfg = Release|Any CPU
		{20A82136-194C-4654-8D8F-25946E9BE25B}.Release|Any CPU.Build.0 = Release|Any CPU
		{20A82136-194C-4654-8D8F-25946E9BE25B}.Release|x64.ActiveCfg = Release|Any CPU
		{20A82136-194C-4654-8D8F-25946E9BE25B}.Release|x64.Build.0 = Release|Any CPU
		{20A82136-194C-4654-8D8F-25946E9BE25B}.Release|x86.ActiveCfg = Release|Any CPU
		{20A82136-194C-4654-8D8F-25946E9BE25B}.Release|x86.Build.0 = Release|Any CPU
		{0E2F2026-3D85-424D-B551-64F3DB366D0E}.Debug|Any CPU.ActiveCfg = Debug|Any CPU
		{0E2F2026-3D85-424D-B551-64F3DB366D0E}.Debug|Any CPU.Build.0 = Debug|Any CPU
		{0E2F2026-3D85-424D-B551-64F3DB366D0E}.Debug|x64.ActiveCfg = Debug|Any CPU
		{0E2F2026-3D85-424D-B551-64F3DB366D0E}.Debug|x64.Build.0 = Debug|Any CPU
		{0E2F2026-3D85-424D-B551-64F3DB366D0E}.Debug|x86.ActiveCfg = Debug|Any CPU
		{0E2F2026-3D85-424D-B551-64F3DB366D0E}.Debug|x86.Build.0 = Debug|Any CPU
		{0E2F2026-3D85-424D-B551-64F3DB366D0E}.Release|Any CPU.ActiveCfg = Release|Any CPU
		{0E2F2026-3D85-424D-B551-64F3DB366D0E}.Release|Any CPU.Build.0 = Release|Any CPU
		{0E2F2026-3D85-424D-B551-64F3DB366D0E}.Release|x64.ActiveCfg = Release|Any CPU
		{0E2F2026-3D85-424D-B551-64F3DB366D0E}.Release|x64.Build.0 = Release|Any CPU
		{0E2F2026-3D85-424D-B551-64F3DB366D0E}.Release|x86.ActiveCfg = Release|Any CPU
		{0E2F2026-3D85-424D-B551-64F3DB366D0E}.Release|x86.Build.0 = Release|Any CPU
		{DB0A832B-6772-4763-9A71-1A65D0B7BF6D}.Debug|Any CPU.ActiveCfg = Debug|Any CPU
		{DB0A832B-6772-4763-9A71-1A65D0B7BF6D}.Debug|Any CPU.Build.0 = Debug|Any CPU
		{DB0A832B-6772-4763-9A71-1A65D0B7BF6D}.Debug|x64.ActiveCfg = Debug|Any CPU
		{DB0A832B-6772-4763-9A71-1A65D0B7BF6D}.Debug|x64.Build.0 = Debug|Any CPU
		{DB0A832B-6772-4763-9A71-1A65D0B7BF6D}.Debug|x86.ActiveCfg = Debug|Any CPU
		{DB0A832B-6772-4763-9A71-1A65D0B7BF6D}.Debug|x86.Build.0 = Debug|Any CPU
		{DB0A832B-6772-4763-9A71-1A65D0B7BF6D}.Release|Any CPU.ActiveCfg = Release|Any CPU
		{DB0A832B-6772-4763-9A71-1A65D0B7BF6D}.Release|Any CPU.Build.0 = Release|Any CPU
		{DB0A832B-6772-4763-9A71-1A65D0B7BF6D}.Release|x64.ActiveCfg = Release|Any CPU
		{DB0A832B-6772-4763-9A71-1A65D0B7BF6D}.Release|x64.Build.0 = Release|Any CPU
		{DB0A832B-6772-4763-9A71-1A65D0B7BF6D}.Release|x86.ActiveCfg = Release|Any CPU
		{DB0A832B-6772-4763-9A71-1A65D0B7BF6D}.Release|x86.Build.0 = Release|Any CPU
		{866A4795-ED8C-40FD-A476-0CE912C71CD1}.Debug|Any CPU.ActiveCfg = Debug|Any CPU
		{866A4795-ED8C-40FD-A476-0CE912C71CD1}.Debug|Any CPU.Build.0 = Debug|Any CPU
		{866A4795-ED8C-40FD-A476-0CE912C71CD1}.Debug|x64.ActiveCfg = Debug|Any CPU
		{866A4795-ED8C-40FD-A476-0CE912C71CD1}.Debug|x64.Build.0 = Debug|Any CPU
		{866A4795-ED8C-40FD-A476-0CE912C71CD1}.Debug|x86.ActiveCfg = Debug|Any CPU
		{866A4795-ED8C-40FD-A476-0CE912C71CD1}.Debug|x86.Build.0 = Debug|Any CPU
		{866A4795-ED8C-40FD-A476-0CE912C71CD1}.Release|Any CPU.ActiveCfg = Release|Any CPU
		{866A4795-ED8C-40FD-A476-0CE912C71CD1}.Release|Any CPU.Build.0 = Release|Any CPU
		{866A4795-ED8C-40FD-A476-0CE912C71CD1}.Release|x64.ActiveCfg = Release|Any CPU
		{866A4795-ED8C-40FD-A476-0CE912C71CD1}.Release|x64.Build.0 = Release|Any CPU
		{866A4795-ED8C-40FD-A476-0CE912C71CD1}.Release|x86.ActiveCfg = Release|Any CPU
		{866A4795-ED8C-40FD-A476-0CE912C71CD1}.Release|x86.Build.0 = Release|Any CPU
		{F8C81F08-9B00-4564-9D21-4C4AF0956854}.Debug|Any CPU.ActiveCfg = Debug|Any CPU
		{F8C81F08-9B00-4564-9D21-4C4AF0956854}.Debug|Any CPU.Build.0 = Debug|Any CPU
		{F8C81F08-9B00-4564-9D21-4C4AF0956854}.Debug|x64.ActiveCfg = Debug|Any CPU
		{F8C81F08-9B00-4564-9D21-4C4AF0956854}.Debug|x64.Build.0 = Debug|Any CPU
		{F8C81F08-9B00-4564-9D21-4C4AF0956854}.Debug|x86.ActiveCfg = Debug|Any CPU
		{F8C81F08-9B00-4564-9D21-4C4AF0956854}.Debug|x86.Build.0 = Debug|Any CPU
		{F8C81F08-9B00-4564-9D21-4C4AF0956854}.Release|Any CPU.ActiveCfg = Release|Any CPU
		{F8C81F08-9B00-4564-9D21-4C4AF0956854}.Release|Any CPU.Build.0 = Release|Any CPU
		{F8C81F08-9B00-4564-9D21-4C4AF0956854}.Release|x64.ActiveCfg = Release|Any CPU
		{F8C81F08-9B00-4564-9D21-4C4AF0956854}.Release|x64.Build.0 = Release|Any CPU
		{F8C81F08-9B00-4564-9D21-4C4AF0956854}.Release|x86.ActiveCfg = Release|Any CPU
		{F8C81F08-9B00-4564-9D21-4C4AF0956854}.Release|x86.Build.0 = Release|Any CPU
		{CCF5A828-582F-4320-9AE0-A5D632F5D937}.Debug|Any CPU.ActiveCfg = Debug|Any CPU
		{CCF5A828-582F-4320-9AE0-A5D632F5D937}.Debug|Any CPU.Build.0 = Debug|Any CPU
		{CCF5A828-582F-4320-9AE0-A5D632F5D937}.Debug|x64.ActiveCfg = Debug|Any CPU
		{CCF5A828-582F-4320-9AE0-A5D632F5D937}.Debug|x64.Build.0 = Debug|Any CPU
		{CCF5A828-582F-4320-9AE0-A5D632F5D937}.Debug|x86.ActiveCfg = Debug|Any CPU
		{CCF5A828-582F-4320-9AE0-A5D632F5D937}.Debug|x86.Build.0 = Debug|Any CPU
		{CCF5A828-582F-4320-9AE0-A5D632F5D937}.Release|Any CPU.ActiveCfg = Release|Any CPU
		{CCF5A828-582F-4320-9AE0-A5D632F5D937}.Release|Any CPU.Build.0 = Release|Any CPU
		{CCF5A828-582F-4320-9AE0-A5D632F5D937}.Release|x64.ActiveCfg = Release|Any CPU
		{CCF5A828-582F-4320-9AE0-A5D632F5D937}.Release|x64.Build.0 = Release|Any CPU
		{CCF5A828-582F-4320-9AE0-A5D632F5D937}.Release|x86.ActiveCfg = Release|Any CPU
		{CCF5A828-582F-4320-9AE0-A5D632F5D937}.Release|x86.Build.0 = Release|Any CPU
		{EB67AE21-2877-41EE-B045-8B68176CB0A6}.Debug|Any CPU.ActiveCfg = Debug|Any CPU
		{EB67AE21-2877-41EE-B045-8B68176CB0A6}.Debug|Any CPU.Build.0 = Debug|Any CPU
		{EB67AE21-2877-41EE-B045-8B68176CB0A6}.Debug|x64.ActiveCfg = Debug|Any CPU
		{EB67AE21-2877-41EE-B045-8B68176CB0A6}.Debug|x64.Build.0 = Debug|Any CPU
		{EB67AE21-2877-41EE-B045-8B68176CB0A6}.Debug|x86.ActiveCfg = Debug|Any CPU
		{EB67AE21-2877-41EE-B045-8B68176CB0A6}.Debug|x86.Build.0 = Debug|Any CPU
		{EB67AE21-2877-41EE-B045-8B68176CB0A6}.Release|Any CPU.ActiveCfg = Release|Any CPU
		{EB67AE21-2877-41EE-B045-8B68176CB0A6}.Release|Any CPU.Build.0 = Release|Any CPU
		{EB67AE21-2877-41EE-B045-8B68176CB0A6}.Release|x64.ActiveCfg = Release|Any CPU
		{EB67AE21-2877-41EE-B045-8B68176CB0A6}.Release|x64.Build.0 = Release|Any CPU
		{EB67AE21-2877-41EE-B045-8B68176CB0A6}.Release|x86.ActiveCfg = Release|Any CPU
		{EB67AE21-2877-41EE-B045-8B68176CB0A6}.Release|x86.Build.0 = Release|Any CPU
		{55D1EB6B-4DC1-4589-B6EF-09AEECE649DF}.Debug|Any CPU.ActiveCfg = Debug|Any CPU
		{55D1EB6B-4DC1-4589-B6EF-09AEECE649DF}.Debug|Any CPU.Build.0 = Debug|Any CPU
		{55D1EB6B-4DC1-4589-B6EF-09AEECE649DF}.Debug|x64.ActiveCfg = Debug|Any CPU
		{55D1EB6B-4DC1-4589-B6EF-09AEECE649DF}.Debug|x64.Build.0 = Debug|Any CPU
		{55D1EB6B-4DC1-4589-B6EF-09AEECE649DF}.Debug|x86.ActiveCfg = Debug|Any CPU
		{55D1EB6B-4DC1-4589-B6EF-09AEECE649DF}.Debug|x86.Build.0 = Debug|Any CPU
		{55D1EB6B-4DC1-4589-B6EF-09AEECE649DF}.Release|Any CPU.ActiveCfg = Release|Any CPU
		{55D1EB6B-4DC1-4589-B6EF-09AEECE649DF}.Release|Any CPU.Build.0 = Release|Any CPU
		{55D1EB6B-4DC1-4589-B6EF-09AEECE649DF}.Release|x64.ActiveCfg = Release|Any CPU
		{55D1EB6B-4DC1-4589-B6EF-09AEECE649DF}.Release|x64.Build.0 = Release|Any CPU
		{55D1EB6B-4DC1-4589-B6EF-09AEECE649DF}.Release|x86.ActiveCfg = Release|Any CPU
		{55D1EB6B-4DC1-4589-B6EF-09AEECE649DF}.Release|x86.Build.0 = Release|Any CPU
		{24725956-067D-479F-9444-2C15133F137F}.Debug|Any CPU.ActiveCfg = Debug|Any CPU
		{24725956-067D-479F-9444-2C15133F137F}.Debug|Any CPU.Build.0 = Debug|Any CPU
		{24725956-067D-479F-9444-2C15133F137F}.Debug|x64.ActiveCfg = Debug|Any CPU
		{24725956-067D-479F-9444-2C15133F137F}.Debug|x64.Build.0 = Debug|Any CPU
		{24725956-067D-479F-9444-2C15133F137F}.Debug|x86.ActiveCfg = Debug|Any CPU
		{24725956-067D-479F-9444-2C15133F137F}.Debug|x86.Build.0 = Debug|Any CPU
		{24725956-067D-479F-9444-2C15133F137F}.Release|Any CPU.ActiveCfg = Release|Any CPU
		{24725956-067D-479F-9444-2C15133F137F}.Release|Any CPU.Build.0 = Release|Any CPU
		{24725956-067D-479F-9444-2C15133F137F}.Release|x64.ActiveCfg = Release|Any CPU
		{24725956-067D-479F-9444-2C15133F137F}.Release|x64.Build.0 = Release|Any CPU
		{24725956-067D-479F-9444-2C15133F137F}.Release|x86.ActiveCfg = Release|Any CPU
		{24725956-067D-479F-9444-2C15133F137F}.Release|x86.Build.0 = Release|Any CPU
		{5B558081-C733-4B9F-8D85-72A7ED4A04EF}.Debug|Any CPU.ActiveCfg = Debug|Any CPU
		{5B558081-C733-4B9F-8D85-72A7ED4A04EF}.Debug|Any CPU.Build.0 = Debug|Any CPU
		{5B558081-C733-4B9F-8D85-72A7ED4A04EF}.Debug|x64.ActiveCfg = Debug|Any CPU
		{5B558081-C733-4B9F-8D85-72A7ED4A04EF}.Debug|x64.Build.0 = Debug|Any CPU
		{5B558081-C733-4B9F-8D85-72A7ED4A04EF}.Debug|x86.ActiveCfg = Debug|Any CPU
		{5B558081-C733-4B9F-8D85-72A7ED4A04EF}.Debug|x86.Build.0 = Debug|Any CPU
		{5B558081-C733-4B9F-8D85-72A7ED4A04EF}.Release|Any CPU.ActiveCfg = Release|Any CPU
		{5B558081-C733-4B9F-8D85-72A7ED4A04EF}.Release|Any CPU.Build.0 = Release|Any CPU
		{5B558081-C733-4B9F-8D85-72A7ED4A04EF}.Release|x64.ActiveCfg = Release|Any CPU
		{5B558081-C733-4B9F-8D85-72A7ED4A04EF}.Release|x64.Build.0 = Release|Any CPU
		{5B558081-C733-4B9F-8D85-72A7ED4A04EF}.Release|x86.ActiveCfg = Release|Any CPU
		{5B558081-C733-4B9F-8D85-72A7ED4A04EF}.Release|x86.Build.0 = Release|Any CPU
		{DF0562FB-C3B3-4CC1-80B4-DECA36310600}.Debug|Any CPU.ActiveCfg = Debug|Any CPU
		{DF0562FB-C3B3-4CC1-80B4-DECA36310600}.Debug|Any CPU.Build.0 = Debug|Any CPU
		{DF0562FB-C3B3-4CC1-80B4-DECA36310600}.Debug|x64.ActiveCfg = Debug|Any CPU
		{DF0562FB-C3B3-4CC1-80B4-DECA36310600}.Debug|x64.Build.0 = Debug|Any CPU
		{DF0562FB-C3B3-4CC1-80B4-DECA36310600}.Debug|x86.ActiveCfg = Debug|Any CPU
		{DF0562FB-C3B3-4CC1-80B4-DECA36310600}.Debug|x86.Build.0 = Debug|Any CPU
		{DF0562FB-C3B3-4CC1-80B4-DECA36310600}.Release|Any CPU.ActiveCfg = Release|Any CPU
		{DF0562FB-C3B3-4CC1-80B4-DECA36310600}.Release|Any CPU.Build.0 = Release|Any CPU
		{DF0562FB-C3B3-4CC1-80B4-DECA36310600}.Release|x64.ActiveCfg = Release|Any CPU
		{DF0562FB-C3B3-4CC1-80B4-DECA36310600}.Release|x64.Build.0 = Release|Any CPU
		{DF0562FB-C3B3-4CC1-80B4-DECA36310600}.Release|x86.ActiveCfg = Release|Any CPU
		{DF0562FB-C3B3-4CC1-80B4-DECA36310600}.Release|x86.Build.0 = Release|Any CPU
		{F85F91EF-D12A-4591-ADF6-A30301FD91FD}.Debug|Any CPU.ActiveCfg = Debug|Any CPU
		{F85F91EF-D12A-4591-ADF6-A30301FD91FD}.Debug|Any CPU.Build.0 = Debug|Any CPU
		{F85F91EF-D12A-4591-ADF6-A30301FD91FD}.Debug|x64.ActiveCfg = Debug|Any CPU
		{F85F91EF-D12A-4591-ADF6-A30301FD91FD}.Debug|x64.Build.0 = Debug|Any CPU
		{F85F91EF-D12A-4591-ADF6-A30301FD91FD}.Debug|x86.ActiveCfg = Debug|Any CPU
		{F85F91EF-D12A-4591-ADF6-A30301FD91FD}.Debug|x86.Build.0 = Debug|Any CPU
		{F85F91EF-D12A-4591-ADF6-A30301FD91FD}.Release|Any CPU.ActiveCfg = Release|Any CPU
		{F85F91EF-D12A-4591-ADF6-A30301FD91FD}.Release|Any CPU.Build.0 = Release|Any CPU
		{F85F91EF-D12A-4591-ADF6-A30301FD91FD}.Release|x64.ActiveCfg = Release|Any CPU
		{F85F91EF-D12A-4591-ADF6-A30301FD91FD}.Release|x64.Build.0 = Release|Any CPU
		{F85F91EF-D12A-4591-ADF6-A30301FD91FD}.Release|x86.ActiveCfg = Release|Any CPU
		{F85F91EF-D12A-4591-ADF6-A30301FD91FD}.Release|x86.Build.0 = Release|Any CPU
		{BC31663A-EB67-4B4B-9B19-228FB603F2C5}.Debug|Any CPU.ActiveCfg = Debug|Any CPU
		{BC31663A-EB67-4B4B-9B19-228FB603F2C5}.Debug|Any CPU.Build.0 = Debug|Any CPU
		{BC31663A-EB67-4B4B-9B19-228FB603F2C5}.Debug|x64.ActiveCfg = Debug|Any CPU
		{BC31663A-EB67-4B4B-9B19-228FB603F2C5}.Debug|x64.Build.0 = Debug|Any CPU
		{BC31663A-EB67-4B4B-9B19-228FB603F2C5}.Debug|x86.ActiveCfg = Debug|Any CPU
		{BC31663A-EB67-4B4B-9B19-228FB603F2C5}.Debug|x86.Build.0 = Debug|Any CPU
		{BC31663A-EB67-4B4B-9B19-228FB603F2C5}.Release|Any CPU.ActiveCfg = Release|Any CPU
		{BC31663A-EB67-4B4B-9B19-228FB603F2C5}.Release|Any CPU.Build.0 = Release|Any CPU
		{BC31663A-EB67-4B4B-9B19-228FB603F2C5}.Release|x64.ActiveCfg = Release|Any CPU
		{BC31663A-EB67-4B4B-9B19-228FB603F2C5}.Release|x64.Build.0 = Release|Any CPU
		{BC31663A-EB67-4B4B-9B19-228FB603F2C5}.Release|x86.ActiveCfg = Release|Any CPU
		{BC31663A-EB67-4B4B-9B19-228FB603F2C5}.Release|x86.Build.0 = Release|Any CPU
		{0F18A85E-C924-4108-949F-2C74EBA55866}.Debug|Any CPU.ActiveCfg = Debug|Any CPU
		{0F18A85E-C924-4108-949F-2C74EBA55866}.Debug|Any CPU.Build.0 = Debug|Any CPU
		{0F18A85E-C924-4108-949F-2C74EBA55866}.Debug|x64.ActiveCfg = Debug|Any CPU
		{0F18A85E-C924-4108-949F-2C74EBA55866}.Debug|x64.Build.0 = Debug|Any CPU
		{0F18A85E-C924-4108-949F-2C74EBA55866}.Debug|x86.ActiveCfg = Debug|Any CPU
		{0F18A85E-C924-4108-949F-2C74EBA55866}.Debug|x86.Build.0 = Debug|Any CPU
		{0F18A85E-C924-4108-949F-2C74EBA55866}.Release|Any CPU.ActiveCfg = Release|Any CPU
		{0F18A85E-C924-4108-949F-2C74EBA55866}.Release|Any CPU.Build.0 = Release|Any CPU
		{0F18A85E-C924-4108-949F-2C74EBA55866}.Release|x64.ActiveCfg = Release|Any CPU
		{0F18A85E-C924-4108-949F-2C74EBA55866}.Release|x64.Build.0 = Release|Any CPU
		{0F18A85E-C924-4108-949F-2C74EBA55866}.Release|x86.ActiveCfg = Release|Any CPU
		{0F18A85E-C924-4108-949F-2C74EBA55866}.Release|x86.Build.0 = Release|Any CPU
		{D538B30A-EEC4-4CB6-9868-209EC4747DDA}.Debug|Any CPU.ActiveCfg = Debug|Any CPU
		{D538B30A-EEC4-4CB6-9868-209EC4747DDA}.Debug|Any CPU.Build.0 = Debug|Any CPU
		{D538B30A-EEC4-4CB6-9868-209EC4747DDA}.Debug|x64.ActiveCfg = Debug|Any CPU
		{D538B30A-EEC4-4CB6-9868-209EC4747DDA}.Debug|x64.Build.0 = Debug|Any CPU
		{D538B30A-EEC4-4CB6-9868-209EC4747DDA}.Debug|x86.ActiveCfg = Debug|Any CPU
		{D538B30A-EEC4-4CB6-9868-209EC4747DDA}.Debug|x86.Build.0 = Debug|Any CPU
		{D538B30A-EEC4-4CB6-9868-209EC4747DDA}.Release|Any CPU.ActiveCfg = Release|Any CPU
		{D538B30A-EEC4-4CB6-9868-209EC4747DDA}.Release|Any CPU.Build.0 = Release|Any CPU
		{D538B30A-EEC4-4CB6-9868-209EC4747DDA}.Release|x64.ActiveCfg = Release|Any CPU
		{D538B30A-EEC4-4CB6-9868-209EC4747DDA}.Release|x64.Build.0 = Release|Any CPU
		{D538B30A-EEC4-4CB6-9868-209EC4747DDA}.Release|x86.ActiveCfg = Release|Any CPU
		{D538B30A-EEC4-4CB6-9868-209EC4747DDA}.Release|x86.Build.0 = Release|Any CPU
		{CDA9883C-2A9A-43F9-9E01-9A0C4E004D89}.Debug|Any CPU.ActiveCfg = Debug|Any CPU
		{CDA9883C-2A9A-43F9-9E01-9A0C4E004D89}.Debug|Any CPU.Build.0 = Debug|Any CPU
		{CDA9883C-2A9A-43F9-9E01-9A0C4E004D89}.Debug|x64.ActiveCfg = Debug|Any CPU
		{CDA9883C-2A9A-43F9-9E01-9A0C4E004D89}.Debug|x64.Build.0 = Debug|Any CPU
		{CDA9883C-2A9A-43F9-9E01-9A0C4E004D89}.Debug|x86.ActiveCfg = Debug|Any CPU
		{CDA9883C-2A9A-43F9-9E01-9A0C4E004D89}.Debug|x86.Build.0 = Debug|Any CPU
		{CDA9883C-2A9A-43F9-9E01-9A0C4E004D89}.Release|Any CPU.ActiveCfg = Release|Any CPU
		{CDA9883C-2A9A-43F9-9E01-9A0C4E004D89}.Release|Any CPU.Build.0 = Release|Any CPU
		{CDA9883C-2A9A-43F9-9E01-9A0C4E004D89}.Release|x64.ActiveCfg = Release|Any CPU
		{CDA9883C-2A9A-43F9-9E01-9A0C4E004D89}.Release|x64.Build.0 = Release|Any CPU
		{CDA9883C-2A9A-43F9-9E01-9A0C4E004D89}.Release|x86.ActiveCfg = Release|Any CPU
		{CDA9883C-2A9A-43F9-9E01-9A0C4E004D89}.Release|x86.Build.0 = Release|Any CPU
		{FF2CC37F-A3AB-4CF1-9DBD-561D67382352}.Debug|Any CPU.ActiveCfg = Debug|Any CPU
		{FF2CC37F-A3AB-4CF1-9DBD-561D67382352}.Debug|Any CPU.Build.0 = Debug|Any CPU
		{FF2CC37F-A3AB-4CF1-9DBD-561D67382352}.Debug|x64.ActiveCfg = Debug|Any CPU
		{FF2CC37F-A3AB-4CF1-9DBD-561D67382352}.Debug|x64.Build.0 = Debug|Any CPU
		{FF2CC37F-A3AB-4CF1-9DBD-561D67382352}.Debug|x86.ActiveCfg = Debug|Any CPU
		{FF2CC37F-A3AB-4CF1-9DBD-561D67382352}.Debug|x86.Build.0 = Debug|Any CPU
		{FF2CC37F-A3AB-4CF1-9DBD-561D67382352}.Release|Any CPU.ActiveCfg = Release|Any CPU
		{FF2CC37F-A3AB-4CF1-9DBD-561D67382352}.Release|Any CPU.Build.0 = Release|Any CPU
		{FF2CC37F-A3AB-4CF1-9DBD-561D67382352}.Release|x64.ActiveCfg = Release|Any CPU
		{FF2CC37F-A3AB-4CF1-9DBD-561D67382352}.Release|x64.Build.0 = Release|Any CPU
		{FF2CC37F-A3AB-4CF1-9DBD-561D67382352}.Release|x86.ActiveCfg = Release|Any CPU
		{FF2CC37F-A3AB-4CF1-9DBD-561D67382352}.Release|x86.Build.0 = Release|Any CPU
		{450DFB38-2049-48A9-B36E-61266C69CCF9}.Debug|Any CPU.ActiveCfg = Debug|Any CPU
		{450DFB38-2049-48A9-B36E-61266C69CCF9}.Debug|Any CPU.Build.0 = Debug|Any CPU
		{450DFB38-2049-48A9-B36E-61266C69CCF9}.Debug|x64.ActiveCfg = Debug|Any CPU
		{450DFB38-2049-48A9-B36E-61266C69CCF9}.Debug|x64.Build.0 = Debug|Any CPU
		{450DFB38-2049-48A9-B36E-61266C69CCF9}.Debug|x86.ActiveCfg = Debug|Any CPU
		{450DFB38-2049-48A9-B36E-61266C69CCF9}.Debug|x86.Build.0 = Debug|Any CPU
		{450DFB38-2049-48A9-B36E-61266C69CCF9}.Release|Any CPU.ActiveCfg = Release|Any CPU
		{450DFB38-2049-48A9-B36E-61266C69CCF9}.Release|Any CPU.Build.0 = Release|Any CPU
		{450DFB38-2049-48A9-B36E-61266C69CCF9}.Release|x64.ActiveCfg = Release|Any CPU
		{450DFB38-2049-48A9-B36E-61266C69CCF9}.Release|x64.Build.0 = Release|Any CPU
		{450DFB38-2049-48A9-B36E-61266C69CCF9}.Release|x86.ActiveCfg = Release|Any CPU
		{450DFB38-2049-48A9-B36E-61266C69CCF9}.Release|x86.Build.0 = Release|Any CPU
		{2D95D8F4-3536-4040-88D1-2C9208823D9E}.Debug|Any CPU.ActiveCfg = Debug|Any CPU
		{2D95D8F4-3536-4040-88D1-2C9208823D9E}.Debug|Any CPU.Build.0 = Debug|Any CPU
		{2D95D8F4-3536-4040-88D1-2C9208823D9E}.Debug|x64.ActiveCfg = Debug|Any CPU
		{2D95D8F4-3536-4040-88D1-2C9208823D9E}.Debug|x64.Build.0 = Debug|Any CPU
		{2D95D8F4-3536-4040-88D1-2C9208823D9E}.Debug|x86.ActiveCfg = Debug|Any CPU
		{2D95D8F4-3536-4040-88D1-2C9208823D9E}.Debug|x86.Build.0 = Debug|Any CPU
		{2D95D8F4-3536-4040-88D1-2C9208823D9E}.Release|Any CPU.ActiveCfg = Release|Any CPU
		{2D95D8F4-3536-4040-88D1-2C9208823D9E}.Release|Any CPU.Build.0 = Release|Any CPU
		{2D95D8F4-3536-4040-88D1-2C9208823D9E}.Release|x64.ActiveCfg = Release|Any CPU
		{2D95D8F4-3536-4040-88D1-2C9208823D9E}.Release|x64.Build.0 = Release|Any CPU
		{2D95D8F4-3536-4040-88D1-2C9208823D9E}.Release|x86.ActiveCfg = Release|Any CPU
		{2D95D8F4-3536-4040-88D1-2C9208823D9E}.Release|x86.Build.0 = Release|Any CPU
		{9EBECDA9-193F-4305-97D5-365AC7A9A0A0}.Debug|Any CPU.ActiveCfg = Debug|Any CPU
		{9EBECDA9-193F-4305-97D5-365AC7A9A0A0}.Debug|Any CPU.Build.0 = Debug|Any CPU
		{9EBECDA9-193F-4305-97D5-365AC7A9A0A0}.Debug|x64.ActiveCfg = Debug|Any CPU
		{9EBECDA9-193F-4305-97D5-365AC7A9A0A0}.Debug|x64.Build.0 = Debug|Any CPU
		{9EBECDA9-193F-4305-97D5-365AC7A9A0A0}.Debug|x86.ActiveCfg = Debug|Any CPU
		{9EBECDA9-193F-4305-97D5-365AC7A9A0A0}.Debug|x86.Build.0 = Debug|Any CPU
		{9EBECDA9-193F-4305-97D5-365AC7A9A0A0}.Release|Any CPU.ActiveCfg = Release|Any CPU
		{9EBECDA9-193F-4305-97D5-365AC7A9A0A0}.Release|Any CPU.Build.0 = Release|Any CPU
		{9EBECDA9-193F-4305-97D5-365AC7A9A0A0}.Release|x64.ActiveCfg = Release|Any CPU
		{9EBECDA9-193F-4305-97D5-365AC7A9A0A0}.Release|x64.Build.0 = Release|Any CPU
		{9EBECDA9-193F-4305-97D5-365AC7A9A0A0}.Release|x86.ActiveCfg = Release|Any CPU
		{9EBECDA9-193F-4305-97D5-365AC7A9A0A0}.Release|x86.Build.0 = Release|Any CPU
		{08FC5122-8BC5-41A9-8899-C054B32A1248}.Debug|Any CPU.ActiveCfg = Debug|Any CPU
		{08FC5122-8BC5-41A9-8899-C054B32A1248}.Debug|Any CPU.Build.0 = Debug|Any CPU
		{08FC5122-8BC5-41A9-8899-C054B32A1248}.Debug|x64.ActiveCfg = Debug|Any CPU
		{08FC5122-8BC5-41A9-8899-C054B32A1248}.Debug|x64.Build.0 = Debug|Any CPU
		{08FC5122-8BC5-41A9-8899-C054B32A1248}.Debug|x86.ActiveCfg = Debug|Any CPU
		{08FC5122-8BC5-41A9-8899-C054B32A1248}.Debug|x86.Build.0 = Debug|Any CPU
		{08FC5122-8BC5-41A9-8899-C054B32A1248}.Release|Any CPU.ActiveCfg = Release|Any CPU
		{08FC5122-8BC5-41A9-8899-C054B32A1248}.Release|Any CPU.Build.0 = Release|Any CPU
		{08FC5122-8BC5-41A9-8899-C054B32A1248}.Release|x64.ActiveCfg = Release|Any CPU
		{08FC5122-8BC5-41A9-8899-C054B32A1248}.Release|x64.Build.0 = Release|Any CPU
		{08FC5122-8BC5-41A9-8899-C054B32A1248}.Release|x86.ActiveCfg = Release|Any CPU
		{08FC5122-8BC5-41A9-8899-C054B32A1248}.Release|x86.Build.0 = Release|Any CPU
		{E8AD4253-4056-4C7E-9F40-ECCB7B13FBF1}.Debug|Any CPU.ActiveCfg = Debug|Any CPU
		{E8AD4253-4056-4C7E-9F40-ECCB7B13FBF1}.Debug|Any CPU.Build.0 = Debug|Any CPU
		{E8AD4253-4056-4C7E-9F40-ECCB7B13FBF1}.Debug|x64.ActiveCfg = Debug|Any CPU
		{E8AD4253-4056-4C7E-9F40-ECCB7B13FBF1}.Debug|x64.Build.0 = Debug|Any CPU
		{E8AD4253-4056-4C7E-9F40-ECCB7B13FBF1}.Debug|x86.ActiveCfg = Debug|Any CPU
		{E8AD4253-4056-4C7E-9F40-ECCB7B13FBF1}.Debug|x86.Build.0 = Debug|Any CPU
		{E8AD4253-4056-4C7E-9F40-ECCB7B13FBF1}.Release|Any CPU.ActiveCfg = Release|Any CPU
		{E8AD4253-4056-4C7E-9F40-ECCB7B13FBF1}.Release|Any CPU.Build.0 = Release|Any CPU
		{E8AD4253-4056-4C7E-9F40-ECCB7B13FBF1}.Release|x64.ActiveCfg = Release|Any CPU
		{E8AD4253-4056-4C7E-9F40-ECCB7B13FBF1}.Release|x64.Build.0 = Release|Any CPU
		{E8AD4253-4056-4C7E-9F40-ECCB7B13FBF1}.Release|x86.ActiveCfg = Release|Any CPU
		{E8AD4253-4056-4C7E-9F40-ECCB7B13FBF1}.Release|x86.Build.0 = Release|Any CPU
		{47C8EF5C-A4BC-4A7F-A886-0C0C6190892B}.Debug|Any CPU.ActiveCfg = Debug|Any CPU
		{47C8EF5C-A4BC-4A7F-A886-0C0C6190892B}.Debug|Any CPU.Build.0 = Debug|Any CPU
		{47C8EF5C-A4BC-4A7F-A886-0C0C6190892B}.Debug|x64.ActiveCfg = Debug|Any CPU
		{47C8EF5C-A4BC-4A7F-A886-0C0C6190892B}.Debug|x64.Build.0 = Debug|Any CPU
		{47C8EF5C-A4BC-4A7F-A886-0C0C6190892B}.Debug|x86.ActiveCfg = Debug|Any CPU
		{47C8EF5C-A4BC-4A7F-A886-0C0C6190892B}.Debug|x86.Build.0 = Debug|Any CPU
		{47C8EF5C-A4BC-4A7F-A886-0C0C6190892B}.Release|Any CPU.ActiveCfg = Release|Any CPU
		{47C8EF5C-A4BC-4A7F-A886-0C0C6190892B}.Release|Any CPU.Build.0 = Release|Any CPU
		{47C8EF5C-A4BC-4A7F-A886-0C0C6190892B}.Release|x64.ActiveCfg = Release|Any CPU
		{47C8EF5C-A4BC-4A7F-A886-0C0C6190892B}.Release|x64.Build.0 = Release|Any CPU
		{47C8EF5C-A4BC-4A7F-A886-0C0C6190892B}.Release|x86.ActiveCfg = Release|Any CPU
		{47C8EF5C-A4BC-4A7F-A886-0C0C6190892B}.Release|x86.Build.0 = Release|Any CPU
		{B7A491A6-1EAE-46F0-B46D-EECB7B081AF8}.Debug|Any CPU.ActiveCfg = Debug|Any CPU
		{B7A491A6-1EAE-46F0-B46D-EECB7B081AF8}.Debug|Any CPU.Build.0 = Debug|Any CPU
		{B7A491A6-1EAE-46F0-B46D-EECB7B081AF8}.Debug|x64.ActiveCfg = Debug|Any CPU
		{B7A491A6-1EAE-46F0-B46D-EECB7B081AF8}.Debug|x64.Build.0 = Debug|Any CPU
		{B7A491A6-1EAE-46F0-B46D-EECB7B081AF8}.Debug|x86.ActiveCfg = Debug|Any CPU
		{B7A491A6-1EAE-46F0-B46D-EECB7B081AF8}.Debug|x86.Build.0 = Debug|Any CPU
		{B7A491A6-1EAE-46F0-B46D-EECB7B081AF8}.Release|Any CPU.ActiveCfg = Release|Any CPU
		{B7A491A6-1EAE-46F0-B46D-EECB7B081AF8}.Release|Any CPU.Build.0 = Release|Any CPU
		{B7A491A6-1EAE-46F0-B46D-EECB7B081AF8}.Release|x64.ActiveCfg = Release|Any CPU
		{B7A491A6-1EAE-46F0-B46D-EECB7B081AF8}.Release|x64.Build.0 = Release|Any CPU
		{B7A491A6-1EAE-46F0-B46D-EECB7B081AF8}.Release|x86.ActiveCfg = Release|Any CPU
		{B7A491A6-1EAE-46F0-B46D-EECB7B081AF8}.Release|x86.Build.0 = Release|Any CPU
		{77076AE3-7465-4802-9F0D-94B5C814DA94}.Debug|Any CPU.ActiveCfg = Debug|Any CPU
		{77076AE3-7465-4802-9F0D-94B5C814DA94}.Debug|Any CPU.Build.0 = Debug|Any CPU
		{77076AE3-7465-4802-9F0D-94B5C814DA94}.Debug|x64.ActiveCfg = Debug|Any CPU
		{77076AE3-7465-4802-9F0D-94B5C814DA94}.Debug|x64.Build.0 = Debug|Any CPU
		{77076AE3-7465-4802-9F0D-94B5C814DA94}.Debug|x86.ActiveCfg = Debug|Any CPU
		{77076AE3-7465-4802-9F0D-94B5C814DA94}.Debug|x86.Build.0 = Debug|Any CPU
		{77076AE3-7465-4802-9F0D-94B5C814DA94}.Release|Any CPU.ActiveCfg = Release|Any CPU
		{77076AE3-7465-4802-9F0D-94B5C814DA94}.Release|Any CPU.Build.0 = Release|Any CPU
		{77076AE3-7465-4802-9F0D-94B5C814DA94}.Release|x64.ActiveCfg = Release|Any CPU
		{77076AE3-7465-4802-9F0D-94B5C814DA94}.Release|x64.Build.0 = Release|Any CPU
		{77076AE3-7465-4802-9F0D-94B5C814DA94}.Release|x86.ActiveCfg = Release|Any CPU
		{77076AE3-7465-4802-9F0D-94B5C814DA94}.Release|x86.Build.0 = Release|Any CPU
		{35E72D45-9218-4DC2-BD78-E3122F65C2A7}.Debug|Any CPU.ActiveCfg = Debug|Any CPU
		{35E72D45-9218-4DC2-BD78-E3122F65C2A7}.Debug|Any CPU.Build.0 = Debug|Any CPU
		{35E72D45-9218-4DC2-BD78-E3122F65C2A7}.Debug|x64.ActiveCfg = Debug|Any CPU
		{35E72D45-9218-4DC2-BD78-E3122F65C2A7}.Debug|x64.Build.0 = Debug|Any CPU
		{35E72D45-9218-4DC2-BD78-E3122F65C2A7}.Debug|x86.ActiveCfg = Debug|Any CPU
		{35E72D45-9218-4DC2-BD78-E3122F65C2A7}.Debug|x86.Build.0 = Debug|Any CPU
		{35E72D45-9218-4DC2-BD78-E3122F65C2A7}.Release|Any CPU.ActiveCfg = Release|Any CPU
		{35E72D45-9218-4DC2-BD78-E3122F65C2A7}.Release|Any CPU.Build.0 = Release|Any CPU
		{35E72D45-9218-4DC2-BD78-E3122F65C2A7}.Release|x64.ActiveCfg = Release|Any CPU
		{35E72D45-9218-4DC2-BD78-E3122F65C2A7}.Release|x64.Build.0 = Release|Any CPU
		{35E72D45-9218-4DC2-BD78-E3122F65C2A7}.Release|x86.ActiveCfg = Release|Any CPU
		{35E72D45-9218-4DC2-BD78-E3122F65C2A7}.Release|x86.Build.0 = Release|Any CPU
		{1C599144-8B39-4214-B2CD-44BABD6EEB9B}.Debug|Any CPU.ActiveCfg = Debug|Any CPU
		{1C599144-8B39-4214-B2CD-44BABD6EEB9B}.Debug|Any CPU.Build.0 = Debug|Any CPU
		{1C599144-8B39-4214-B2CD-44BABD6EEB9B}.Debug|x64.ActiveCfg = Debug|Any CPU
		{1C599144-8B39-4214-B2CD-44BABD6EEB9B}.Debug|x64.Build.0 = Debug|Any CPU
		{1C599144-8B39-4214-B2CD-44BABD6EEB9B}.Debug|x86.ActiveCfg = Debug|Any CPU
		{1C599144-8B39-4214-B2CD-44BABD6EEB9B}.Debug|x86.Build.0 = Debug|Any CPU
		{1C599144-8B39-4214-B2CD-44BABD6EEB9B}.Release|Any CPU.ActiveCfg = Release|Any CPU
		{1C599144-8B39-4214-B2CD-44BABD6EEB9B}.Release|Any CPU.Build.0 = Release|Any CPU
		{1C599144-8B39-4214-B2CD-44BABD6EEB9B}.Release|x64.ActiveCfg = Release|Any CPU
		{1C599144-8B39-4214-B2CD-44BABD6EEB9B}.Release|x64.Build.0 = Release|Any CPU
		{1C599144-8B39-4214-B2CD-44BABD6EEB9B}.Release|x86.ActiveCfg = Release|Any CPU
		{1C599144-8B39-4214-B2CD-44BABD6EEB9B}.Release|x86.Build.0 = Release|Any CPU
		{F0D8D600-5010-4B2E-0800-7E9E1DCF7ACD}.Debug|Any CPU.ActiveCfg = Debug|Any CPU
		{F0D8D600-5010-4B2E-0800-7E9E1DCF7ACD}.Debug|Any CPU.Build.0 = Debug|Any CPU
		{F0D8D600-5010-4B2E-0800-7E9E1DCF7ACD}.Debug|x64.ActiveCfg = Debug|Any CPU
		{F0D8D600-5010-4B2E-0800-7E9E1DCF7ACD}.Debug|x64.Build.0 = Debug|Any CPU
		{F0D8D600-5010-4B2E-0800-7E9E1DCF7ACD}.Debug|x86.ActiveCfg = Debug|Any CPU
		{F0D8D600-5010-4B2E-0800-7E9E1DCF7ACD}.Debug|x86.Build.0 = Debug|Any CPU
		{F0D8D600-5010-4B2E-0800-7E9E1DCF7ACD}.Release|Any CPU.ActiveCfg = Release|Any CPU
		{F0D8D600-5010-4B2E-0800-7E9E1DCF7ACD}.Release|Any CPU.Build.0 = Release|Any CPU
		{F0D8D600-5010-4B2E-0800-7E9E1DCF7ACD}.Release|x64.ActiveCfg = Release|Any CPU
		{F0D8D600-5010-4B2E-0800-7E9E1DCF7ACD}.Release|x64.Build.0 = Release|Any CPU
		{F0D8D600-5010-4B2E-0800-7E9E1DCF7ACD}.Release|x86.ActiveCfg = Release|Any CPU
		{F0D8D600-5010-4B2E-0800-7E9E1DCF7ACD}.Release|x86.Build.0 = Release|Any CPU
		{809FDB8D-C53E-B471-9602-73A04F6609D3}.Debug|Any CPU.ActiveCfg = Debug|Any CPU
		{809FDB8D-C53E-B471-9602-73A04F6609D3}.Debug|Any CPU.Build.0 = Debug|Any CPU
		{809FDB8D-C53E-B471-9602-73A04F6609D3}.Debug|x64.ActiveCfg = Debug|Any CPU
		{809FDB8D-C53E-B471-9602-73A04F6609D3}.Debug|x64.Build.0 = Debug|Any CPU
		{809FDB8D-C53E-B471-9602-73A04F6609D3}.Debug|x86.ActiveCfg = Debug|Any CPU
		{809FDB8D-C53E-B471-9602-73A04F6609D3}.Debug|x86.Build.0 = Debug|Any CPU
		{809FDB8D-C53E-B471-9602-73A04F6609D3}.Release|Any CPU.ActiveCfg = Release|Any CPU
		{809FDB8D-C53E-B471-9602-73A04F6609D3}.Release|Any CPU.Build.0 = Release|Any CPU
		{809FDB8D-C53E-B471-9602-73A04F6609D3}.Release|x64.ActiveCfg = Release|Any CPU
		{809FDB8D-C53E-B471-9602-73A04F6609D3}.Release|x64.Build.0 = Release|Any CPU
		{809FDB8D-C53E-B471-9602-73A04F6609D3}.Release|x86.ActiveCfg = Release|Any CPU
		{809FDB8D-C53E-B471-9602-73A04F6609D3}.Release|x86.Build.0 = Release|Any CPU
		{E4782F56-785C-2167-C445-6D9841AACA47}.Debug|Any CPU.ActiveCfg = Debug|Any CPU
		{E4782F56-785C-2167-C445-6D9841AACA47}.Debug|Any CPU.Build.0 = Debug|Any CPU
		{E4782F56-785C-2167-C445-6D9841AACA47}.Debug|x64.ActiveCfg = Debug|Any CPU
		{E4782F56-785C-2167-C445-6D9841AACA47}.Debug|x64.Build.0 = Debug|Any CPU
		{E4782F56-785C-2167-C445-6D9841AACA47}.Debug|x86.ActiveCfg = Debug|Any CPU
		{E4782F56-785C-2167-C445-6D9841AACA47}.Debug|x86.Build.0 = Debug|Any CPU
		{E4782F56-785C-2167-C445-6D9841AACA47}.Release|Any CPU.ActiveCfg = Release|Any CPU
		{E4782F56-785C-2167-C445-6D9841AACA47}.Release|Any CPU.Build.0 = Release|Any CPU
		{E4782F56-785C-2167-C445-6D9841AACA47}.Release|x64.ActiveCfg = Release|Any CPU
		{E4782F56-785C-2167-C445-6D9841AACA47}.Release|x64.Build.0 = Release|Any CPU
		{E4782F56-785C-2167-C445-6D9841AACA47}.Release|x86.ActiveCfg = Release|Any CPU
		{E4782F56-785C-2167-C445-6D9841AACA47}.Release|x86.Build.0 = Release|Any CPU
	EndGlobalSection
	GlobalSection(SolutionProperties) = preSolution
		HideSolutionNode = FALSE
	EndGlobalSection
	GlobalSection(ExtensibilityGlobals) = postSolution
		SolutionGuid = {38F105DE-1EBD-4065-8351-639ECA320078}
	EndGlobalSection
EndGlobal
